
Microsoft Visual Studio Solution File, Format Version 12.00
# Visual Studio Version 17
VisualStudioVersion = 17.1.32414.318
MinimumVisualStudioVersion = 10.0.40219.1
Project("{9A19103F-16F7-4668-BE54-9A1E7A4F7556}") = "pussy", "pussy\pussy.csproj", "{ED09DBC1-5CF7-4F18-B0C6-C4BA4F760C4C}"
EndProject
Project("{2150E333-8FDC-42A3-9474-1A3956D46DE8}") = "Solution Items", "Solution Items", "{FBA0B350-FB9D-4702-B7A4-68269DFC9B41}"
	ProjectSection(SolutionItems) = preProject
		README.md = README.md
	EndProjectSection
EndProject
Global
	GlobalSection(SolutionConfigurationPlatforms) = preSolution
		Debug|Any CPU = Debug|Any CPU
		Release|Any CPU = Release|Any CPU
	EndGlobalSection
	GlobalSection(ProjectConfigurationPlatforms) = postSolution
		{ED09DBC1-5CF7-4F18-B0C6-C4BA4F760C4C}.Debug|Any CPU.ActiveCfg = Debug|Any CPU
		{ED09DBC1-5CF7-4F18-B0C6-C4BA4F760C4C}.Debug|Any CPU.Build.0 = Debug|Any CPU
		{ED09DBC1-5CF7-4F18-B0C6-C4BA4F760C4C}.Release|Any CPU.ActiveCfg = Release|Any CPU
		{ED09DBC1-5CF7-4F18-B0C6-C4BA4F760C4C}.Release|Any CPU.Build.0 = Release|Any CPU
	EndGlobalSection
	GlobalSection(SolutionProperties) = preSolution
		HideSolutionNode = FALSE
	EndGlobalSection
	GlobalSection(ExtensibilityGlobals) = postSolution
		SolutionGuid = {210B7C26-6E93-422F-AA58-6208E380DB19}
	EndGlobalSection
EndGlobal
